{
  "version": 4,
  "terraform_version": "0.15.5",
  "serial": 44,
  "lineage": "2f6de76f-a57f-8408-ddf1-c93cceb6918e",
  "outputs": {},
  "resources": [
    {
      "mode": "managed",
      "type": "bigip_ltm_node",
      "name": "this",
      "provider": "provider[\"registry.terraform.io/terraform-providers/bigip\"]",
      "instances": [
        {
          "index_key": 0,
          "schema_version": 0,
          "attributes": {
            "address": "192.168.200.200",
            "connection_limit": 0,
            "description": "",
            "dynamic_ratio": 1,
            "fqdn": [],
            "id": "/Common/teste-0",
            "monitor": "/Common/icmp",
            "name": "/Common/teste-0",
            "rate_limit": "disabled",
            "ratio": 1,
            "session": "user-enabled",
            "state": null
          },
          "sensitive_attributes": [],
          "private": "bnVsbA=="
        }
      ]
    },
    {
      "mode": "managed",
      "type": "bigip_ltm_pool",
      "name": "this",
      "provider": "provider[\"registry.terraform.io/terraform-providers/bigip\"]",
      "instances": [
        {
          "schema_version": 0,
          "attributes": {
            "allow_nat": "yes",
            "allow_snat": "yes",
            "description": "",
            "id": "/Common/teste-pool",
            "load_balancing_mode": "round-robin",
            "minimum_active_members": 0,
            "monitors": [
              "/Common/https"
            ],
            "name": "/Common/teste-pool",
            "reselect_tries": 0,
            "service_down_action": "none",
            "slow_ramp_time": 0
          },
          "sensitive_attributes": [],
          "private": "bnVsbA=="
        }
      ]
    },
    {
      "mode": "managed",
      "type": "bigip_ltm_pool_attachment",
      "name": "this",
      "provider": "provider[\"registry.terraform.io/terraform-providers/bigip\"]",
      "instances": [
        {
          "index_key": 0,
          "schema_version": 0,
          "attributes": {
            "connection_limit": null,
            "connection_rate_limit": null,
            "dynamic_ratio": null,
            "fqdn_autopopulate": null,
            "id": "/Common/teste-pool-/Common/teste-0:80",
            "node": "/Common/teste-0:80",
            "pool": "/Common/teste-pool",
            "priority_group": null,
            "ratio": null
          },
          "sensitive_attributes": [],
          "private": "bnVsbA==",
          "dependencies": [
            "bigip_ltm_node.this",
            "bigip_ltm_pool.this"
          ]
        }
      ]
    },
    {
      "mode": "managed",
      "type": "bigip_ltm_virtual_server",
      "name": "this",
      "provider": "provider[\"registry.terraform.io/terraform-providers/bigip\"]",
      "instances": [
        {
          "schema_version": 0,
          "attributes": {
            "client_profiles": null,
            "default_persistence_profile": null,
            "description": "vsname-description",
            "destination": "192.168.100.100",
            "fallback_persistence_profile": "",
            "id": "/Common/vsname",
            "ip_protocol": "tcp",
            "irules": null,
            "mask": "255.255.255.255",
            "name": "/Common/vsname",
            "per_flow_request_access_policy": "",
            "persistence_profiles": null,
            "policies": null,
            "pool": "/Common/teste-pool",
            "port": 443,
            "profiles": [
              "/Common/serverssl"
            ],
            "security_log_profiles": null,
            "server_profiles": [
              "/Common/serverssl"
            ],
            "snatpool": "",
            "source": "0.0.0.0/0",
            "source_address_translation": "automap",
            "state": "enabled",
            "translate_address": "enabled",
            "translate_port": "enabled",
            "vlans": null,
            "vlans_enabled": false
          },
          "sensitive_attributes": [],
          "private": "bnVsbA==",
          "dependencies": [
            "bigip_ltm_pool.this"
          ]
        }
      ]
    }
  ]
}
